Microsoft Visual Studio Solution File, Format Version 12.00
# Visual Studio Version 17
VisualStudioVersion = 17.5.2.0
MinimumVisualStudioVersion = 10.0.40219.1
Project("{FAE04EC0-301F-11D3-BF4B-00C04F79EFBC}") = "Demo", "Demo.csproj", "{7174D134-04BE-D97D-20E1-8BB58E1726FE}"
EndProject
Global
	GlobalSection(SolutionConfigurationPlatforms) = preSolution
		Debug|Any CPU = Debug|Any CPU
		Release|Any CPU = Release|Any CPU
	EndGlobalSection
	GlobalSection(ProjectConfigurationPlatforms) = postSolution
		{7174D134-04BE-D97D-20E1-8BB58E1726FE}.Debug|Any CPU.ActiveCfg = Debug|Any CPU
		{7174D134-04BE-D97D-20E1-8BB58E1726FE}.Debug|Any CPU.Build.0 = Debug|Any CPU
		{7174D134-04BE-D97D-20E1-8BB58E1726FE}.Release|Any CPU.ActiveCfg = Release|Any CPU
		{7174D134-04BE-D97D-20E1-8BB58E1726FE}.Release|Any CPU.Build.0 = Release|Any CPU
	EndGlobalSection
	GlobalSection(SolutionProperties) = preSolution
		HideSolutionNode = FALSE
	EndGlobalSection
	GlobalSection(ExtensibilityGlobals) = postSolution
		SolutionGuid = {A7282F27-5CC4-4352-B442-9195D973A802}
	EndGlobalSection
EndGlobal
